
Microsoft Visual Studio Solution File, Format Version 12.00
# Visual Studio Version 16
VisualStudioVersion = 16.0.29609.76
MinimumVisualStudioVersion = 10.0.40219.1
Project("{FAE04EC0-301F-11D3-BF4B-00C04F79EFBC}") = "DesignPatterns", "DesignPatterns\DesignPatterns.csproj", "{640E1C52-D6F2-462F-AA0A-4A46F5FDBEAD}"
EndProject
Global
	GlobalSection(SolutionConfigurationPlatforms) = preSolution
		Debug|Any CPU = Debug|Any CPU
		Release|Any CPU = Release|Any CPU
	EndGlobalSection
	GlobalSection(ProjectConfigurationPlatforms) = postSolution
		{640E1C52-D6F2-462F-AA0A-4A46F5FDBEAD}.Debug|Any CPU.ActiveCfg = Debug|Any CPU
		{640E1C52-D6F2-462F-AA0A-4A46F5FDBEAD}.Debug|Any CPU.Build.0 = Debug|Any CPU
		{640E1C52-D6F2-462F-AA0A-4A46F5FDBEAD}.Release|Any CPU.ActiveCfg = Release|Any CPU
		{640E1C52-D6F2-462F-AA0A-4A46F5FDBEAD}.Release|Any CPU.Build.0 = Release|Any CPU
	EndGlobalSection
	GlobalSection(SolutionProperties) = preSolution
		HideSolutionNode = FALSE
	EndGlobalSection
	GlobalSection(ExtensibilityGlobals) = postSolution
		SolutionGuid = {D49DB55E-430D-4B42-B2C2-9665C4BC4631}
	EndGlobalSection
EndGlobal
